
Microsoft Visual Studio Solution File, Format Version 12.00
# Visual Studio 15
VisualStudioVersion = 15.0.27130.2036
MinimumVisualStudioVersion = 10.0.40219.1
Project("{FAE04EC0-301F-11D3-BF4B-00C04F79EFBC}") = "ReferenceR", "ReferenceR\ReferenceR.csproj", "{11259E07-FC4D-49AB-9980-F9D0EFEE10A9}"
EndProject
Global
	GlobalSection(SolutionConfigurationPlatforms) = preSolution
		Debug|Any CPU = Debug|Any CPU
		Release|Any CPU = Release|Any CPU
	EndGlobalSection
	GlobalSection(ProjectConfigurationPlatforms) = postSolution
		{11259E07-FC4D-49AB-9980-F9D0EFEE10A9}.Debug|Any CPU.ActiveCfg = Debug|Any CPU
		{11259E07-FC4D-49AB-9980-F9D0EFEE10A9}.Debug|Any CPU.Build.0 = Debug|Any CPU
		{11259E07-FC4D-49AB-9980-F9D0EFEE10A9}.Release|Any CPU.ActiveCfg = Release|Any CPU
		{11259E07-FC4D-49AB-9980-F9D0EFEE10A9}.Release|Any CPU.Build.0 = Release|Any CPU
	EndGlobalSection
	GlobalSection(SolutionProperties) = preSolution
		HideSolutionNode = FALSE
	EndGlobalSection
	GlobalSection(ExtensibilityGlobals) = postSolution
		SolutionGuid = {6160085A-2954-4A7B-8745-809C7D5EF80D}
	EndGlobalSection
EndGlobal
